PODS:
  - Flutter (1.0.0)
  - flutter_paypal_native (0.0.1):
    - Flutter
    - PayPalCheckout
  - PayPalCheckout (0.109.0)

DEPENDENCIES:
  - Flutter (from `Flutter`)
  - flutter_paypal_native (from `.symlinks/plugins/flutter_paypal_native/ios`)

SPEC REPOS:
  trunk:
    - PayPalCheckout

EXTERNAL SOURCES:
  Flutter:
    :path: Flutter
  flutter_paypal_native:
    :path: ".symlinks/plugins/flutter_paypal_native/ios"

SPEC CHECKSUMS:
  Flutter: f04841e97a9d0b0a8025694d0796dd46242b2854
  flutter_paypal_native: c5a0572be834448c809fb758bd9f6f974a58e719
  PayPalCheckout: 1d96629e8df1707fd9e31bcfe9cb24536b800751

PODFILE CHECKSUM: ef19549a9bc3046e7bb7d2fab4d021637c0c58a3

COCOAPODS: 1.11.3
